
Microsoft Visual Studio Solution File, Format Version 12.00
# Visual Studio Version 16
VisualStudioVersion = 16.0.31105.61
MinimumVisualStudioVersion = 10.0.40219.1
Project("{FAE04EC0-301F-11D3-BF4B-00C04F79EFBC}") = "MQTest", "MQTest\MQTest.csproj", "{15C68EEE-3150-4F23-A7EE-ABF3E02171A7}"
EndProject
Project("{FAE04EC0-301F-11D3-BF4B-00C04F79EFBC}") = "ServerSide", "ServerSide\ServerSide.csproj", "{690735A3-10CA-41C8-9711-92B95DC9448D}"
EndProject
Global
	GlobalSection(SolutionConfigurationPlatforms) = preSolution
		Debug|Any CPU = Debug|Any CPU
		Release|Any CPU = Release|Any CPU
	EndGlobalSection
	GlobalSection(ProjectConfigurationPlatforms) = postSolution
		{15C68EEE-3150-4F23-A7EE-ABF3E02171A7}.Debug|Any CPU.ActiveCfg = Debug|Any CPU
		{15C68EEE-3150-4F23-A7EE-ABF3E02171A7}.Debug|Any CPU.Build.0 = Debug|Any CPU
		{15C68EEE-3150-4F23-A7EE-ABF3E02171A7}.Release|Any CPU.ActiveCfg = Release|Any CPU
		{15C68EEE-3150-4F23-A7EE-ABF3E02171A7}.Release|Any CPU.Build.0 = Release|Any CPU
		{690735A3-10CA-41C8-9711-92B95DC9448D}.Debug|Any CPU.ActiveCfg = Debug|Any CPU
		{690735A3-10CA-41C8-9711-92B95DC9448D}.Debug|Any CPU.Build.0 = Debug|Any CPU
		{690735A3-10CA-41C8-9711-92B95DC9448D}.Release|Any CPU.ActiveCfg = Release|Any CPU
		{690735A3-10CA-41C8-9711-92B95DC9448D}.Release|Any CPU.Build.0 = Release|Any CPU
	EndGlobalSection
	GlobalSection(SolutionProperties) = preSolution
		HideSolutionNode = FALSE
	EndGlobalSection
	GlobalSection(ExtensibilityGlobals) = postSolution
		SolutionGuid = {9C5DE622-A1CC-434D-88B1-5C0065C8202A}
	EndGlobalSection
EndGlobal
